lockfileVersion: '6.0'

settings:
  autoInstallPeers: true
  excludeLinksFromLockfile: false

dependencies:
  pnpm:
    specifier: ^9.9.0
    version: 9.9.0

packages:

  /pnpm@9.9.0:
    resolution: {integrity: sha512-YMGKzROL/2ldM5vmrRP36TbupnRWYNTMSndtUkfFQNDt7hpWNpXBg6ZuuRfviPK0/rH8JfMqetytx6rzQ46ZwQ==}
    engines: {node: '>=18.12'}
    hasBin: true
    dev: false
